{
  "object": {
    "pins": [
      {
        "package": "swift-tools-support-core",
        "repositoryURL": "https://github.com/apple/swift-tools-support-core.git",
        "state": {
          "branch": "master",
          "revision": "cf5db868eeed2f41ddf1d7ac9b202b5738d67dc1",
          "version": null
        }
      }
    ]
  },
  "version": 1
}
